<?xml version="1.0" encoding="UTF-8"?>
<Scheme
   version = "1.3">
   <BuildAction>
      <BuildActionEntries>
         <BuildActionEntry
            buildForRunning = "YES">
            <BuildableReference
               BuildableIdentifier = "primary"
               BlueprintIdentifier = "5CCE94F89ECFE830BE457643"
               BuildableName = "SwiftUI_List_Section.app"
               BlueprintName = "SwiftUI_List_Section"
               ReferencedContainer = "container:SwiftUI_List_Section.xcodeproj">
            </BuildableReference>
         </BuildActionEntry>
      </BuildActionEntries>
   </BuildAction>
   <LaunchAction
      useCustomWorkingDirectory = "NO"
      buildConfiguration = "Debug"
      allowLocationSimulation = "YES">
      <BuildableProductRunnable>
         <BuildableReference
            BuildableIdentifier = "primary"
            BlueprintIdentifier = "5CCE94F89ECFE830BE457643"
            BuildableName = "SwiftUI_List_Section.app"
            BlueprintName = "SwiftUI_List_Section"
            ReferencedContainer = "container:SwiftUI_List_Section.xcodeproj">
         </BuildableReference>
      </BuildableProductRunnable>
   </LaunchAction>
</Scheme>
